
Microsoft Visual Studio Solution File, Format Version 12.00
# Visual Studio 15
VisualStudioVersion = 15.0.28307.705
MinimumVisualStudioVersion = 10.0.40219.1
Project("{FAE04EC0-301F-11D3-BF4B-00C04F79EFBC}") = "Vic.SportsStore.WebApp", "Vic.SportsStore.WebApp\Vic.SportsStore.WebApp.csproj", "{9064F758-2B4B-495A-96E5-62ABD44AFBA8}"
EndProject
Global
	GlobalSection(SolutionConfigurationPlatforms) = preSolution
		Debug|Any CPU = Debug|Any CPU
		Release|Any CPU = Release|Any CPU
	EndGlobalSection
	GlobalSection(ProjectConfigurationPlatforms) = postSolution
		{9064F758-2B4B-495A-96E5-62ABD44AFBA8}.Debug|Any CPU.ActiveCfg = Debug|Any CPU
		{9064F758-2B4B-495A-96E5-62ABD44AFBA8}.Debug|Any CPU.Build.0 = Debug|Any CPU
		{9064F758-2B4B-495A-96E5-62ABD44AFBA8}.Release|Any CPU.ActiveCfg = Release|Any CPU
		{9064F758-2B4B-495A-96E5-62ABD44AFBA8}.Release|Any CPU.Build.0 = Release|Any CPU
	EndGlobalSection
	GlobalSection(SolutionProperties) = preSolution
		HideSolutionNode = FALSE
	EndGlobalSection
	GlobalSection(ExtensibilityGlobals) = postSolution
		SolutionGuid = {77DF52BA-C969-4832-9151-EB2520C69474}
	EndGlobalSection
EndGlobal
