
Microsoft Visual Studio Solution File, Format Version 12.00
# Visual Studio 15
VisualStudioVersion = 15.0.28307.705
MinimumVisualStudioVersion = 10.0.40219.1
Project("{FAE04EC0-301F-11D3-BF4B-00C04F79EFBC}") = "Vic.SportsStore.WebApp", "Vic.SportsStore.WebApp\Vic.SportsStore.WebApp.csproj", "{9064F758-2B4B-495A-96E5-62ABD44AFBA8}"
EndProject
Project("{FAE04EC0-301F-11D3-BF4B-00C04F79EFBC}") = "Vic.SportsStore.Domain", "Vic.SportsStore.Domain\Vic.SportsStore.Domain.csproj", "{82AC4C9F-498A-47F8-8029-9145BE30B45D}"
EndProject
Project("{FAE04EC0-301F-11D3-BF4B-00C04F79EFBC}") = "Vic.SportsStore.UnitTests", "Vic.SportsStore.UnitTests\Vic.SportsStore.UnitTests.csproj", "{78049FFE-3C05-4D2F-917E-2B0B23EBB773}"
EndProject
Global
	GlobalSection(SolutionConfigurationPlatforms) = preSolution
		Debug|Any CPU = Debug|Any CPU
		Release|Any CPU = Release|Any CPU
	EndGlobalSection
	GlobalSection(ProjectConfigurationPlatforms) = postSolution
		{9064F758-2B4B-495A-96E5-62ABD44AFBA8}.Debug|Any CPU.ActiveCfg = Debug|Any CPU
		{9064F758-2B4B-495A-96E5-62ABD44AFBA8}.Debug|Any CPU.Build.0 = Debug|Any CPU
		{9064F758-2B4B-495A-96E5-62ABD44AFBA8}.Release|Any CPU.ActiveCfg = Release|Any CPU
		{9064F758-2B4B-495A-96E5-62ABD44AFBA8}.Release|Any CPU.Build.0 = Release|Any CPU
		{82AC4C9F-498A-47F8-8029-9145BE30B45D}.Debug|Any CPU.ActiveCfg = Debug|Any CPU
		{82AC4C9F-498A-47F8-8029-9145BE30B45D}.Debug|Any CPU.Build.0 = Debug|Any CPU
		{82AC4C9F-498A-47F8-8029-9145BE30B45D}.Release|Any CPU.ActiveCfg = Release|Any CPU
		{82AC4C9F-498A-47F8-8029-9145BE30B45D}.Release|Any CPU.Build.0 = Release|Any CPU
		{78049FFE-3C05-4D2F-917E-2B0B23EBB773}.Debug|Any CPU.ActiveCfg = Debug|Any CPU
		{78049FFE-3C05-4D2F-917E-2B0B23EBB773}.Debug|Any CPU.Build.0 = Debug|Any CPU
		{78049FFE-3C05-4D2F-917E-2B0B23EBB773}.Release|Any CPU.ActiveCfg = Release|Any CPU
		{78049FFE-3C05-4D2F-917E-2B0B23EBB773}.Release|Any CPU.Build.0 = Release|Any CPU
	EndGlobalSection
	GlobalSection(SolutionProperties) = preSolution
		HideSolutionNode = FALSE
	EndGlobalSection
	GlobalSection(ExtensibilityGlobals) = postSolution
		SolutionGuid = {77DF52BA-C969-4832-9151-EB2520C69474}
	EndGlobalSection
EndGlobal
